{
  "version": "3",
  "packages": {
    "specifiers": {
      "jsr:@deno/cache-dir@0.8": "jsr:@deno/cache-dir@0.8.0",
      "jsr:@deno/emit": "jsr:@deno/emit@0.44.0",
      "jsr:@deno/graph@^0.69.7": "jsr:@deno/graph@0.69.10",
      "jsr:@std/assert@^0.218.2": "jsr:@std/assert@0.218.2",
      "jsr:@std/assert@^0.223.0": "jsr:@std/assert@0.223.0",
      "jsr:@std/bytes@^0.218.2": "jsr:@std/bytes@0.218.2",
      "jsr:@std/fmt@^0.218.2": "jsr:@std/fmt@0.218.2",
      "jsr:@std/fs@^0.218.2": "jsr:@std/fs@0.218.2",
      "jsr:@std/io@^0.218.2": "jsr:@std/io@0.218.2",
      "jsr:@std/path@^0.218.2": "jsr:@std/path@0.218.2",
      "jsr:@std/path@^0.223.0": "jsr:@std/path@0.223.0"
    },
    "jsr": {
      "@deno/cache-dir@0.8.0": {
        "integrity": "e87e80a404958f6350d903e6238b72afb92468378b0b32111f7a1e4916ac7fe7",
        "dependencies": [
          "jsr:@deno/graph@^0.69.7",
          "jsr:@std/fmt@^0.218.2",
          "jsr:@std/fs@^0.218.2",
          "jsr:@std/io@^0.218.2",
          "jsr:@std/path@^0.218.2"
        ]
      },
      "@deno/emit@0.44.0": {
        "integrity": "0750d6b39780a2975915a8a0a513b817338c21749022545a713c49af52e21961",
        "dependencies": [
          "jsr:@deno/cache-dir@0.8",
          "jsr:@std/path@^0.223.0"
        ]
      },
      "@deno/graph@0.69.10": {
        "integrity": "38fe22ac5686f6ece5daeec5a4df65c6314d7d32adcc33f77917a13cfaffa26f"
      },
      "@std/assert@0.218.2": {
        "integrity": "7f0a5a1a8cf86607cd6c2c030584096e1ffad27fc9271429a8cb48cfbdee5eaf"
      },
      "@std/assert@0.223.0": {
        "integrity": "eb8d6d879d76e1cc431205bd346ed4d88dc051c6366365b1af47034b0670be24"
      },
      "@std/bytes@0.218.2": {
        "integrity": "91fe54b232dcca73856b79a817247f4a651dbb60d51baafafb6408c137241670"
      },
      "@std/fmt@0.218.2": {
        "integrity": "99526449d2505aa758b6cbef81e7dd471d8b28ec0dcb1491d122b284c548788a"
      },
      "@std/fs@0.218.2": {
        "integrity": "dd9431453f7282e8c577cc22c9e6d036055a9a980b5549f887d6012969fabcca"
      },
      "@std/io@0.218.2": {
        "integrity": "c64fbfa087b7c9d4d386c5672f291f607d88cb7d44fc299c20c713e345f2785f",
        "dependencies": [
          "jsr:@std/assert@^0.218.2",
          "jsr:@std/bytes@^0.218.2"
        ]
      },
      "@std/path@0.218.2": {
        "integrity": "b568fd923d9e53ad76d17c513e7310bda8e755a3e825e6289a0ce536404e2662",
        "dependencies": [
          "jsr:@std/assert@^0.218.2"
        ]
      },
      "@std/path@0.223.0": {
        "integrity": "593963402d7e6597f5a6e620931661053572c982fc014000459edc1f93cc3989",
        "dependencies": [
          "jsr:@std/assert@^0.223.0"
        ]
      }
    }
  },
  "redirects": {
    "https://deno.land/std/uuid/mod.ts": "https://deno.land/std@0.224.0/uuid/mod.ts",
    "https://esm.sh/@preact/signals": "https://esm.sh/@preact/signals@1.3.0",
    "https://esm.sh/hono": "https://esm.sh/hono@4.5.3",
    "https://esm.sh/preact": "https://esm.sh/preact@10.23.1",
    "https://esm.sh/preact-render-to-string": "https://esm.sh/preact-render-to-string@6.5.7",
    "https://esm.sh/preact-render-to-string/stream": "https://esm.sh/preact-render-to-string@6.5.7/stream",
    "https://esm.sh/preact/compat": "https://esm.sh/preact@10.23.1/compat",
    "https://esm.sh/preact/jsx-runtime": "https://esm.sh/preact@10.23.1/jsx-runtime",
    "https://esm.sh/preact/jsx-runtime?dts&external=preact": "https://esm.sh/preact@10.23.1/jsx-runtime?dts&external=preact",
    "https://esm.sh/react": "https://esm.sh/react@18.3.1",
    "https://esm.sh/react-dom/client": "https://esm.sh/react-dom@18.3.1/client",
    "https://esm.sh/react-dom/server": "https://esm.sh/react-dom@18.3.1/server",
    "https://esm.sh/react/jsx-runtime": "https://esm.sh/react@18.3.1/jsx-runtime",
    "https://esm.sh/v128/@types/react@~18.3/index.d.ts": "https://esm.sh/v128/@types/react@18.2.38/index.d.ts",
    "https://esm.sh/v128/@types/react@~18.3/jsx-runtime~.d.ts": "https://esm.sh/v128/@types/react@18.2.38/jsx-runtime~.d.ts",
    "https://esm.sh/v135/@types/react-dom@~18.3/client~.d.ts": "https://esm.sh/v135/@types/react-dom@18.3.0/client~.d.ts",
    "https://esm.sh/v135/@types/react-dom@~18.3/server~.d.ts": "https://esm.sh/v135/@types/react-dom@18.3.0/server~.d.ts"
  },
  "remote": {
    "https://deno.land/std@0.224.0/assert/assert.ts": "09d30564c09de846855b7b071e62b5974b001bb72a4b797958fe0660e7849834",
    "https://deno.land/std@0.224.0/assert/assertion_error.ts": "ba8752bd27ebc51f723702fac2f54d3e94447598f54264a6653d6413738a8917",
    "https://deno.land/std@0.224.0/bytes/concat.ts": "86161274b5546a02bdb3154652418efe7af8c9310e8d54107a68aaa148e0f5ed",
    "https://deno.land/std@0.224.0/crypto/_wasm/lib/deno_std_wasm_crypto.generated.mjs": "7cd490ae1553c97459bd02de4c3f0a552768a85621949b2366003f3cf84b99d7",
    "https://deno.land/std@0.224.0/crypto/_wasm/mod.ts": "e89fbbc3c4722602ff975dd85f18273c7741ec766a9b68f6de4fd1d9876409f8",
    "https://deno.land/std@0.224.0/crypto/crypto.ts": "e58d78f3db111a499261dbab037ec78cc89da0516a50e1f0205665980a3417e3",
    "https://deno.land/std@0.224.0/uuid/_common.ts": "05c787c5735776c4e48e30294878332c39cb7738f50b209df4eb9f2b0facce4d",
    "https://deno.land/std@0.224.0/uuid/constants.ts": "eb6c96871e968adf3355507d7ae79adce71525fd6c1ca55c51d32ace0196d64e",
    "https://deno.land/std@0.224.0/uuid/mod.ts": "cefc8e2f77d9e493739c8dc4ec141b12b855414bf757e778bf9b00f783506b76",
    "https://deno.land/std@0.224.0/uuid/v1.ts": "cc45e7eb1d463d7d38b21a3c6e4de55ff98598ca442309321575fe841b323a54",
    "https://deno.land/std@0.224.0/uuid/v3.ts": "689f2d64a9460a75877a2eed94662d9cb31bedb890d72fce0d161ef47d66cc26",
    "https://deno.land/std@0.224.0/uuid/v4.ts": "1319a2eeff7259adda416ec5f7997ded80d3165ef0787012793fc8621c18c493",
    "https://deno.land/std@0.224.0/uuid/v5.ts": "75f76d9e53583572fe3d4893168530986222d439b1545b56d4493c6d5d1cd81d",
    "https://deno.land/std@0.51.0/async/deferred.ts": "ac95025f46580cf5197928ba90995d87f26e202c19ad961bc4e3177310894cdc",
    "https://deno.land/std@0.51.0/async/delay.ts": "35957d585a6e3dd87706858fb1d6b551cb278271b03f52c5a2cb70e65e00c26a",
    "https://deno.land/std@0.51.0/async/mod.ts": "bf46766747775d0fc4070940d20d45fb311c814989485861cdc8a8ef0e3bbbab",
    "https://deno.land/std@0.51.0/async/mux_async_iterator.ts": "e2a4c2c53aee22374b493b88dfa08ad893bc352c8aeea34f1e543e938ec6ccc6",
    "https://deno.land/std@0.51.0/bytes/mod.ts": "784b292a65f6879bd39d81cb24590be1140fb4cce74bd4a149f67f2b647ad728",
    "https://deno.land/std@0.51.0/datetime/mod.ts": "b533eb7f7627799e5030131ae80dae4d73e100507a3a1fddc1a34be677de7b1b",
    "https://deno.land/std@0.51.0/encoding/utf8.ts": "8654fa820aa69a37ec5eb11908e20b39d056c9bf1c23ab294303ff467f3d50a1",
    "https://deno.land/std@0.51.0/fmt/colors.ts": "127ce39ca2ad9714d4ada8d61367f540d76b5b0462263aa839166876b522d3de",
    "https://deno.land/std@0.51.0/hash/sha256.ts": "be221d53ae2d1391ed5c47c368bccd0b79582793b2a736ccdcce8b4fc3a5aef5",
    "https://deno.land/std@0.51.0/http/_io.ts": "025d3735c6b9140fc4bf748bc41dd4e80272de1bc398773ea3e9a8a727cd6032",
    "https://deno.land/std@0.51.0/http/cookie.ts": "71c7b615837acfa2689e55691e8a1741e27cba9c48239f80bb168d77dcc65801",
    "https://deno.land/std@0.51.0/http/http_status.ts": "84ae4289053c4f045cd655fd3b05f33ce62c685bdc0eac2210b12d827ffa7157",
    "https://deno.land/std@0.51.0/http/server.ts": "d2b977c100d830262d8525915c3f676ce33f1e986926a3cdbc81323cf724b599",
    "https://deno.land/std@0.51.0/io/bufio.ts": "3dd55426bc8b1e27c7f006847ac0bfefb4c0d5144ba2df2d93944dc37114a6e0",
    "https://deno.land/std@0.51.0/io/util.ts": "ae133d310a0fdcf298cea7bc09a599c49acb616d34e148e263bcb02976f80dee",
    "https://deno.land/std@0.51.0/path/_constants.ts": "f6c332625f21d49d5a69414ba0956ac784dbf4b26a278041308e4914ba1c7e2e",
    "https://deno.land/std@0.51.0/path/_globrex.ts": "a88b9da6a150b8d8e87a7b9eef794f97b10e709910071bb57f8619dd2d0291dc",
    "https://deno.land/std@0.51.0/path/_util.ts": "b678a7ecbac6b04c1166832ae54e1024c0431dd2b340b013c46eb2956ab24d4c",
    "https://deno.land/std@0.51.0/path/common.ts": "95115757c9dc9e433a641f80ee213553b6752aa6fbb87eb9f16f6045898b6b14",
    "https://deno.land/std@0.51.0/path/glob.ts": "ab85e98e4590eae10e561ce8266ad93ebe5af2b68c34dc68b85d9e25bccb4eb7",
    "https://deno.land/std@0.51.0/path/interface.ts": "89f6e68b0e3bba1401a740c8d688290957de028ed86f95eafe76fe93790ae450",
    "https://deno.land/std@0.51.0/path/mod.ts": "a789541f8df9170311daa98313c5a76c06b5988f2948647957b3ec6e017d963e",
    "https://deno.land/std@0.51.0/path/posix.ts": "b742fe902d5d6821c39c02319eb32fc5a92b4d4424b533c47f1a50610afbf381",
    "https://deno.land/std@0.51.0/path/separator.ts": "7bdb45c19c5c934c49c69faae861b592ef17e6699a923449d3eaaf83ec4e7919",
    "https://deno.land/std@0.51.0/path/win32.ts": "61248a2b252bb8534f54dafb4546863545e150d2016c74a32e2a4cfb8e061b3f",
    "https://deno.land/std@0.51.0/testing/asserts.ts": "213fedbb90a60ae232932c45bd62668f0c5cd17fc0f2a273e96506cba416d181",
    "https://deno.land/std@0.51.0/testing/diff.ts": "8f591074fad5d35c0cafa63b1c5334dc3a17d5b934f3b9e07172eed9d5b55553",
    "https://deno.land/std@0.51.0/textproto/mod.ts": "3118d7a42c03c242c5a49c2ad91c8396110e14acca1324e7aaefd31a999b71a4",
    "https://deno.land/std@0.52.0/async/deferred.ts": "ac95025f46580cf5197928ba90995d87f26e202c19ad961bc4e3177310894cdc",
    "https://deno.land/std@0.52.0/async/delay.ts": "35957d585a6e3dd87706858fb1d6b551cb278271b03f52c5a2cb70e65e00c26a",
    "https://deno.land/std@0.52.0/async/mod.ts": "bf46766747775d0fc4070940d20d45fb311c814989485861cdc8a8ef0e3bbbab",
    "https://deno.land/std@0.52.0/async/mux_async_iterator.ts": "e2a4c2c53aee22374b493b88dfa08ad893bc352c8aeea34f1e543e938ec6ccc6",
    "https://deno.land/std@0.52.0/bytes/mod.ts": "5ad1325fc232f19b59fefbded30013b4bcd39fee4cf1eee73d6a6915ae46bdcd",
    "https://deno.land/std@0.52.0/datetime/mod.ts": "b533eb7f7627799e5030131ae80dae4d73e100507a3a1fddc1a34be677de7b1b",
    "https://deno.land/std@0.52.0/encoding/utf8.ts": "8654fa820aa69a37ec5eb11908e20b39d056c9bf1c23ab294303ff467f3d50a1",
    "https://deno.land/std@0.52.0/fmt/colors.ts": "ec9d653672a9a3c7b6eafe53c5bc797364a2db2dcf766ab649c1155fea7a80b2",
    "https://deno.land/std@0.52.0/hash/sha1.ts": "c1a97bde767b98b88495470f39c30c37e44ac3984409f120ef65fd84c9d27608",
    "https://deno.land/std@0.52.0/http/_io.ts": "025d3735c6b9140fc4bf748bc41dd4e80272de1bc398773ea3e9a8a727cd6032",
    "https://deno.land/std@0.52.0/http/cookie.ts": "948e9066409bdd78b1ce99774e8254cddcd41c6b8fd5ac80183e3928e2777d15",
    "https://deno.land/std@0.52.0/http/http_status.ts": "84ae4289053c4f045cd655fd3b05f33ce62c685bdc0eac2210b12d827ffa7157",
    "https://deno.land/std@0.52.0/http/server.ts": "d2b977c100d830262d8525915c3f676ce33f1e986926a3cdbc81323cf724b599",
    "https://deno.land/std@0.52.0/io/bufio.ts": "0be99d122e459c0040fbadb5c984935fd12a662c9b8c7fddd1cde4176c6cff27",
    "https://deno.land/std@0.52.0/io/util.ts": "ae133d310a0fdcf298cea7bc09a599c49acb616d34e148e263bcb02976f80dee",
    "https://deno.land/std@0.52.0/node/timers.ts": "3d7063ba3b0477c247573c20fe3efc8999a5cee555dbb2cc45cdb06320a907c2",
    "https://deno.land/std@0.52.0/path/_constants.ts": "f6c332625f21d49d5a69414ba0956ac784dbf4b26a278041308e4914ba1c7e2e",
    "https://deno.land/std@0.52.0/path/_globrex.ts": "a88b9da6a150b8d8e87a7b9eef794f97b10e709910071bb57f8619dd2d0291dc",
    "https://deno.land/std@0.52.0/path/_util.ts": "b678a7ecbac6b04c1166832ae54e1024c0431dd2b340b013c46eb2956ab24d4c",
    "https://deno.land/std@0.52.0/path/common.ts": "95115757c9dc9e433a641f80ee213553b6752aa6fbb87eb9f16f6045898b6b14",
    "https://deno.land/std@0.52.0/path/glob.ts": "ab85e98e4590eae10e561ce8266ad93ebe5af2b68c34dc68b85d9e25bccb4eb7",
    "https://deno.land/std@0.52.0/path/interface.ts": "89f6e68b0e3bba1401a740c8d688290957de028ed86f95eafe76fe93790ae450",
    "https://deno.land/std@0.52.0/path/mod.ts": "a789541f8df9170311daa98313c5a76c06b5988f2948647957b3ec6e017d963e",
    "https://deno.land/std@0.52.0/path/posix.ts": "b742fe902d5d6821c39c02319eb32fc5a92b4d4424b533c47f1a50610afbf381",
    "https://deno.land/std@0.52.0/path/separator.ts": "7bdb45c19c5c934c49c69faae861b592ef17e6699a923449d3eaaf83ec4e7919",
    "https://deno.land/std@0.52.0/path/win32.ts": "61248a2b252bb8534f54dafb4546863545e150d2016c74a32e2a4cfb8e061b3f",
    "https://deno.land/std@0.52.0/testing/asserts.ts": "1dc683a61218e2d8c5e9e87e3602a347000288fb207b4d7301414935620e24b3",
    "https://deno.land/std@0.52.0/testing/diff.ts": "8f591074fad5d35c0cafa63b1c5334dc3a17d5b934f3b9e07172eed9d5b55553",
    "https://deno.land/std@0.52.0/textproto/mod.ts": "aa585cd8dceb14437cf4499d6620c1fe861140ccfe56125eb931db4cfb90c3b2",
    "https://deno.land/x/evt@1.7.9/lib/Ctx.ts": "33032a434e595e67f9b570403738a77e0c097cf59b77fc3c9d35a90f1f74230d",
    "https://deno.land/x/evt@1.7.9/lib/Evt.asNonPostable.ts": "b4dbaef2ec42b12716e34499a31c26bb09ade16de405aee6368b6fc004b3f758",
    "https://deno.land/x/evt@1.7.9/lib/Evt.asPostable.ts": "0a6db703bf1379ec9cd792db2e23356e6c1555cba85ae568ad4b3a8b59c153cf",
    "https://deno.land/x/evt@1.7.9/lib/Evt.create.ts": "387388929e07f520386d00b67915bab9b779433950313fb71ebf6b1d424a4ece",
    "https://deno.land/x/evt@1.7.9/lib/Evt.factorize.ts": "878e0577d223f3b295b82d8d1d79f988e57f95148de93568ef1da4580aaf7e0f",
    "https://deno.land/x/evt@1.7.9/lib/Evt.from.ts": "a4c87046b730b38ac14d327957d528def6aefa31be972be30845751279dc9f7b",
    "https://deno.land/x/evt@1.7.9/lib/Evt.getCtx.ts": "9d49747a2ef5a98a9f8e2c48c1d0ec026bdd06e02cf9a1156f89870535f77df3",
    "https://deno.land/x/evt@1.7.9/lib/Evt.loosenType.ts": "a43aaa204e80db39a0d1008e1fa0b1d159a66509787dcd046cc9f53a4255b4a7",
    "https://deno.land/x/evt@1.7.9/lib/Evt.merge.ts": "8721642afb4dbad7c701a4ef061f9089694e44476b92d4b9972300c0f1a06829",
    "https://deno.land/x/evt@1.7.9/lib/Evt.newCtx.ts": "3e5e660eacb5af62b0e585a2206d06e5ed4680dadf198f8dcc569d52452f59a4",
    "https://deno.land/x/evt@1.7.9/lib/Evt.parsePropsFromArgs.ts": "a27cffc27661016584dbfc6224f0bcdba8c39897c034a932587dead38eb73feb",
    "https://deno.land/x/evt@1.7.9/lib/Evt.ts": "6dcb5c894709d7d7c23b210df5e30b23a8796b94c3b7c9b873ff906d6ae45a2b",
    "https://deno.land/x/evt@1.7.9/lib/Evt.useEffect.ts": "da14d655107d4f9b5757281fbbddebc4ee1615d8113e44bc6645b8079de23ee2",
    "https://deno.land/x/evt@1.7.9/lib/LazyEvt.ts": "ecc6b67ecdf05aeebd9f65aa4685688e81dfc458abc7d488f09290319bd58f07",
    "https://deno.land/x/evt@1.7.9/lib/LazyStatefulEvt.ts": "3dbdd8f4641d110fa6123628c8abbddddb6cd44c0613916358736be6650bf7f0",
    "https://deno.land/x/evt@1.7.9/lib/StatefulEvt.ts": "5b19594f118c77f8db06e4eddb6fdea5dc775dfd24262e0dcef889a1ed587c39",
    "https://deno.land/x/evt@1.7.9/lib/importProxy.ts": "6f57cee2ada724db9575242b44bd7bf598161ea46d8d12e10264fa51a6e7b01f",
    "https://deno.land/x/evt@1.7.9/lib/index.ts": "0074bc06faf8c9fc6d0218b31cce7dbe3d8f155fdbf44c7e45e75bd6b8e8174e",
    "https://deno.land/x/evt@1.7.9/lib/types/EventTargetLike.ts": "fc235a64cc580ea667ad98ee930a4f9319ba59332e7184e80b327e7ae7bd134a",
    "https://deno.land/x/evt@1.7.9/lib/types/EvtError.ts": "61eb61e75da34ad69c6950dcfb2e5f8760429cb934d5e600c17e8f65188417cf",
    "https://deno.land/x/evt@1.7.9/lib/types/Handler.ts": "f89a1439edb13471b8c2b0b5871afb1a20fbcd78fa176a5f3ddd9f10bf026b7a",
    "https://deno.land/x/evt@1.7.9/lib/types/Operator.ts": "384bd0410ca2ed861a883619926b6cad4b58c9159b148348641bfc9baba6f57b",
    "https://deno.land/x/evt@1.7.9/lib/types/helper/FactorizeEvt.ts": "b942baab553cb301d7e58abb4c53e498ee274ac1747e8be49dd78902966fef58",
    "https://deno.land/x/evt@1.7.9/lib/types/helper/SwapEvtType.ts": "78a739aee8e4dbb67e31e3e3a441d4842a0caa9be3e884546bf6d0755e565507",
    "https://deno.land/x/evt@1.7.9/lib/types/helper/ToNonPostableEvt.ts": "093bf50435ade62d305827ee8675f935664f604e87ce876b8e858395f915277e",
    "https://deno.land/x/evt@1.7.9/lib/types/helper/ToPostableEvt.ts": "e64fcabf780aefdbd39f593a0d0618c13e21a03605878f2025803806d3a688c0",
    "https://deno.land/x/evt@1.7.9/lib/types/helper/UnpackCtx.ts": "af1be2c1fcac3fe59591faea928fd0ea81c40bfcbc374f521401325adf3645bb",
    "https://deno.land/x/evt@1.7.9/lib/types/helper/UnpackEvt.ts": "123b0ae21c50d30ca1ccac341b4bac729365bbd9ac56f29128c2f34a8f9f3335",
    "https://deno.land/x/evt@1.7.9/lib/types/helper/index.ts": "c6177abf99ec1f7ced101b5ddbd551797809f04e72ebf2f2d203e76c521ebd6b",
    "https://deno.land/x/evt@1.7.9/lib/types/index.ts": "2f1bdb1e24011cc0ee58f5c2b40b0a4a92ea082873931ad6d391e7899323d8e9",
    "https://deno.land/x/evt@1.7.9/lib/types/interfaces/Ctx.ts": "da310a2c62de01b1cb7194ff5e213eaea137069bff36e59f42c6c7fb3f73b48f",
    "https://deno.land/x/evt@1.7.9/lib/types/interfaces/CtxLike.ts": "666492e3600aae3ae75ebfafd14816acb87a738b920a45c4ed060cabc12c02c3",
    "https://deno.land/x/evt@1.7.9/lib/types/interfaces/Evt.ts": "c66a44c37202cd260ab29603f72f4c509bec7dffb7ff80aba85f008cdcf726ce",
    "https://deno.land/x/evt@1.7.9/lib/types/interfaces/NonPostableEvt.ts": "761137d3a0843e075b88d963574a531dff6014431c5bb4b6ff57653337db5d17",
    "https://deno.land/x/evt@1.7.9/lib/types/interfaces/Postable.ts": "1cedfe2a6b6e889a6bc504198cac34b2853f0d4c4394fb62c5b416a675aefa95",
    "https://deno.land/x/evt@1.7.9/lib/types/interfaces/StatefulEvt.ts": "31f72dd0140e7ca39abf428bddd0c84a713830e7eba3d6af3bead78bead95fcd",
    "https://deno.land/x/evt@1.7.9/lib/types/interfaces/StatefulPostable.ts": "21480abb8a7ee6808bc086615a9ddc7e166c474441c3b059e44f5eb62ac54153",
    "https://deno.land/x/evt@1.7.9/lib/types/interfaces/StatefulReadonlyEvt.ts": "5b0f75d236fbb8d7659912a77f53d01ed6e542ce9797015a7aba8e67e4ef7f72",
    "https://deno.land/x/evt@1.7.9/lib/types/interfaces/VoidCtx.ts": "bd6ec83c840f01e3673cbe9df113d8901e4d0fd55dc5c433bf98751338b13225",
    "https://deno.land/x/evt@1.7.9/lib/types/interfaces/VoidEvt.ts": "78f004483dfbc400ccb34094ed27067e9a8fcbb4a8a517c642d27f01267de967",
    "https://deno.land/x/evt@1.7.9/lib/types/interfaces/index.ts": "b0d6ca5b4c508fcf8fcdc372936539d1f4903023813e2fc2ff5b5a82bba97882",
    "https://deno.land/x/evt@1.7.9/lib/types/lib.dom.ts": "38978a711746f666da1511afb56a64ac36912e1df8662d4ff735c9e37473a579",
    "https://deno.land/x/evt@1.7.9/lib/util/compose.ts": "b2ff006b8725190c0df8d0492f6f452eb42aa5f634cf25759b9a5fc81ea56762",
    "https://deno.land/x/evt@1.7.9/lib/util/encapsulateOpState.ts": "d9d74b9b21a2687a7a8aa795764afd85689786ef121d6e1e1648e237edd8b99c",
    "https://deno.land/x/evt@1.7.9/lib/util/genericOperators/index.ts": "af1fa4c0388fbd3a90c78ed60b78c025ae7ffea6f2592e7821e852b715070c99",
    "https://deno.land/x/evt@1.7.9/lib/util/genericOperators/throttleTime.ts": "742c8bde694db3032335c21d9152a86c4fcbaad7e0052e2c6752c599ebad8bfd",
    "https://deno.land/x/evt@1.7.9/lib/util/genericOperators/to.ts": "9f1aa067e713d7ba85d095bbdcfe29191138d138baaad2c0db80fc051b81d282",
    "https://deno.land/x/evt@1.7.9/lib/util/index.ts": "6dfdfc04d8a57ab74add8c57b9265c85dbdce3a8e36b908c2ddb35fa50193ea6",
    "https://deno.land/x/evt@1.7.9/lib/util/invokeOperator.ts": "072a981806d2814d03f445c3b186b1612926553db08cadba3cf08131ca809f07",
    "https://deno.land/x/evt@1.7.9/mod.ts": "a287b21f79647774e5d3c23b5f4a512e74eb6124346bd7f898c8615d2fc23dc1",
    "https://deno.land/x/evt@1.7.9/tools/Deferred.ts": "d7fde0179647da5c3b8f85a1ad316304c2ee63991db22f3421ac3c342a98af10",
    "https://deno.land/x/evt@1.7.9/tools/typeSafety/AsyncReturnType.ts": "fc9b24b7dfe742535a5c175a351e0c4d4b2832febd85c3f75dac3958190e35f4",
    "https://deno.land/x/evt@1.7.9/tools/typeSafety/UnpackPromise.ts": "4fb0fada9b265122a20b3a3c413c497a8a31cff608e6c5524686931383e65f9d",
    "https://deno.land/x/evt@1.7.9/tools/typeSafety/UnpackTypeGuard.ts": "cc6e91a8a038c3085b10258ee5c3a3451cdc5ce276744e3824c6e9e5406d8447",
    "https://deno.land/x/evt@1.7.9/tools/typeSafety/assert.ts": "42d43a9d20f33a3363535e02ef5903cf63be70c6b50ce9b25aea8fc6018121cd",
    "https://deno.land/x/evt@1.7.9/tools/typeSafety/defineAccessors.ts": "225826b62d33edf3ca67f65050fba63814d07c17396e65b85baa29ffd3423fd1",
    "https://deno.land/x/evt@1.7.9/tools/typeSafety/exclude.ts": "49a66cf27578c7c9e92b9e841d3229e62962b20b0bd81458e45c282f3db519df",
    "https://deno.land/x/evt@1.7.9/tools/typeSafety/id.ts": "5e4b76ff7cb41641224adc8d2d94de8dcdaefd122f686944910e8656d244519c",
    "https://deno.land/x/evt@1.7.9/tools/typeSafety/index.ts": "77f9d2125366756c0e9f48316f32f72761a5fe24e3c230d8efa64cdb09149b47",
    "https://deno.land/x/evt@1.7.9/tools/typeSafety/matchVoid.ts": "5b5b8f05957a4aa9638e36e8b7360edb9c69f6bde7de4b81372ecc80512f908f",
    "https://deno.land/x/evt@1.7.9/tools/typeSafety/objectKeys.ts": "47e50004c5c50e6c95c950736bcaaee0acf99ef9c08ee97e2f68bc8b7975e9af",
    "https://deno.land/x/evt@1.7.9/tools/typeSafety/overwriteReadonlyProp.ts": "02f5fa386e88fae182830b7910b770a746f9baf0f0ce7e5a37e27c0c96990abd",
    "https://deno.land/x/evt@1.7.9/tools/typeSafety/typeGuard.ts": "ef91a6cccc54dddbe71339b068f8afea25541d731d8d2c4b72a6109071cbd245",
    "https://deno.land/x/media_types@v2.3.1/db.ts": "ecbb836ceadc885e53192a9923f054ac2417cbdb1892edf960fd328b1be3f665",
    "https://deno.land/x/media_types@v2.3.1/deps.ts": "02a37b0bef1e1aed7afcac7fd482aecd2598722914239ff5ca1cae0a8b7cd2ca",
    "https://deno.land/x/media_types@v2.3.1/mod.ts": "d8bd0fbb6047902b02ee2f30d1689adbab169893c418639040ef22bfa92e9896",
    "https://deno.land/x/oak@v4.0.0/deps.ts": "13a2453b29497d706b1f148b8653dca92013975f7c99dd41acb0e009084188bf",
    "https://deno.land/x/oak@v4.0.0/httpError.ts": "618fe5418a462abd2434d9ad36198690ddbb50965f47800aa2833a74d10cf3c2",
    "https://deno.land/x/oak@v4.0.0/types.ts": "41b6c1b6c1735ddced291152108e3173d55db7f6ce893ae97533240ef6b8e74e",
    "https://deno.land/x/opine@0.3.0/deps.ts": "8c5f1540fedf65b4c75805ed70f36a58901b04bf0bea380ac8d3ea9f66079f62",
    "https://deno.land/x/opine@0.3.0/mod.ts": "586b1cc523a0e78b8548abaa7a4cf0be6a405c341fe5a57d541c515060bf10b1",
    "https://deno.land/x/opine@0.3.0/src/application.ts": "6a753d979985dd95080a0f7c30841a838d03fa07dda6d9de258785ef070d4d5f",
    "https://deno.land/x/opine@0.3.0/src/methods.ts": "5dba355af605dbb55a5f02c417786afc2a07018bffc3a4bec1e7066d4fe16c7d",
    "https://deno.land/x/opine@0.3.0/src/middleware/bodyParser/getCharset.ts": "052ad4fbebdd6ef462da75ec9b18039bc9f22bbdf75f9c0ae0a941d445b8b000",
    "https://deno.land/x/opine@0.3.0/src/middleware/bodyParser/hasBody.ts": "dadb6eabe7c36f718613a05ce9670c549f7f3df9862cb6955cbe0a652fa2ea7a",
    "https://deno.land/x/opine@0.3.0/src/middleware/bodyParser/json.ts": "e5d5e154b17c79e29340cf21f74f64de920771e63a7a19a97c47bfb52a85a64e",
    "https://deno.land/x/opine@0.3.0/src/middleware/bodyParser/raw.ts": "007b5a82df57afe1a1e4945369a5c014a514b9aaa129f277336b549a49096029",
    "https://deno.land/x/opine@0.3.0/src/middleware/bodyParser/read.ts": "1369607dfa8dba994b594a87f8a674158d80db5149251a9717d9e68bca575643",
    "https://deno.land/x/opine@0.3.0/src/middleware/bodyParser/text.ts": "69d0d79a1aeaad3878196cc5213783f189162dcbea5a6095bd8e4ceca5a7fcb3",
    "https://deno.land/x/opine@0.3.0/src/middleware/bodyParser/typeChecker.ts": "915e4c5d164b472462b44a3166ec23376bd4edb2ff4af5bc163c03c0681091ac",
    "https://deno.land/x/opine@0.3.0/src/middleware/bodyParser/urlencoded.ts": "33bcf2dd34fa432c46957e0fe9311da5e896fa58eaded87d48092b4f2ed47065",
    "https://deno.land/x/opine@0.3.0/src/middleware/init.ts": "a434a2347b580d625c490143bc80b3a3c0a92d2f15f4ac69fae197c52b2b4546",
    "https://deno.land/x/opine@0.3.0/src/middleware/query.ts": "4934fb8272d2f27e3594e69b86a9c4db94ebd190a182e8e22d076a41bfaf1bae",
    "https://deno.land/x/opine@0.3.0/src/opine.ts": "41a2407f9b52e423df06bdbf49f8d0ab4ae3bff81dfc21bc7755761ab1679a50",
    "https://deno.land/x/opine@0.3.0/src/request.ts": "8a83c65fe29223cb1a65770bebf90973e193fd327f6f0af14691b6344db7277c",
    "https://deno.land/x/opine@0.3.0/src/response.ts": "a8f4c79d4ed240491f5a9d7252f5e46414420fd9713abdc4a3b9a9aac4df3440",
    "https://deno.land/x/opine@0.3.0/src/router/index.ts": "dba2fc126618721f2c6e7955b1f1716de0940a449c77119006132f1fb4cad176",
    "https://deno.land/x/opine@0.3.0/src/router/layer.ts": "390fcb1aa0f1bd8a1afe698f8d043fddee9fa561d6e4959abb3b0f0051a452fa",
    "https://deno.land/x/opine@0.3.0/src/router/route.ts": "363965ffb27464dd8e2b7a08ba49bb9c24eea664b124fb89904e5ce24a40758b",
    "https://deno.land/x/opine@0.3.0/src/types.ts": "5e1e6fb90535bea2655e9b257bde642763e20051b6dbcb36b3586644be1b5e55",
    "https://deno.land/x/opine@0.3.0/src/utils/compileETag.ts": "f7ae086d97dc2c65839d09967df18680dfca4b9a0e9dbe3f4435327245958024",
    "https://deno.land/x/opine@0.3.0/src/utils/contentDisposition.ts": "d5a9a9f87a1d2f629264b967053ab50dd7f5592838b1a4cdf5b80b451726ad8f",
    "https://deno.land/x/opine@0.3.0/src/utils/defineGetter.ts": "5f19a1789ea936963dd4733de480adfb0de0d1c8a9bf3e33f7126086dc090f29",
    "https://deno.land/x/opine@0.3.0/src/utils/encodeUrl.ts": "965fe6d034b25e00d54ede2e21c9c59acb273c00be9b74dc060199981efc81ab",
    "https://deno.land/x/opine@0.3.0/src/utils/escapeHtml.ts": "1c54e8735c758c36969788ef36c63574201e8324b5a79225273cd9eb8ccaf8e2",
    "https://deno.land/x/opine@0.3.0/src/utils/etag.ts": "700c96a82e7167e810883343fd3dddaa3b07b934959965047720b80a8608a327",
    "https://deno.land/x/opine@0.3.0/src/utils/finalHandler.ts": "0d414b07f8a5d2d75df7bb250aa0d009cf2ca62be2d567d5b7332c69a1c438be",
    "https://deno.land/x/opine@0.3.0/src/utils/fresh.ts": "5bf3a1d1cc8f113d18783b601703dd61f1b59070971780cb7661394dcf32a76b",
    "https://deno.land/x/opine@0.3.0/src/utils/merge.ts": "b8a3a225fd1b31e813cd61a86853046a2b9d6a63af263730789e1edcc96ac870",
    "https://deno.land/x/opine@0.3.0/src/utils/mergeDescriptors.ts": "c887775e193a868b0018d56ec449c23453f1605f657beb1dc9211955030d0e8e",
    "https://deno.land/x/opine@0.3.0/src/utils/pathToRegex.ts": "c012c66a9957263c802f179d5fdf832a6f8d9ea064bbd34c2a8168e2859fd385",
    "https://deno.land/x/opine@0.3.0/src/utils/stringify.ts": "0b9c75e6e078e693b54ff3f7603bb65be655dc8a1b7400d445de9c5e0cc25691",
    "https://deno.land/x/opine@0.3.0/src/utils/url.ts": "c5b80cf2d0f4417e11bff3d927107dc60299fce2e655ec59127f4e0394ec539f",
    "https://deno.land/x/opine@0.3.0/version.ts": "ec60c02518061790757bb49928d0d60f44fdff14aba141a14f4bdc93e6fd3d08",
    "https://dev.jspm.io/npm:object-assign@4!cjs": "b19fbacc33f0ed8b8b4f8f7d0361a0546f4a5b946c3313fe9d36f4e599ecc41e",
    "https://dev.jspm.io/npm:object-assign@4.1.1!cjs": "6da711649ed78e03ebae561088386c8ece0fcc1c8da2b2f32de6515d30ac1db6",
    "https://dev.jspm.io/npm:prop-types@15.8.1/_/f978e390.js": "f6b19c6d51034dfbde5f05a881c20d6f01659b0edcae38bb7fb88b70784943aa",
    "https://dev.jspm.io/npm:prop-types@15/checkPropTypes!cjs": "05a4324b1c280f86c2f3a5d18bb0e6c8c18da606ab530c93647a952fe95598ea",
    "https://dev.jspm.io/npm:react-dom@16.13.1/cjs/react-dom-server.browser.development.js!cjs": "23da7a4c75156f2e790c29dc5556cd5d89eb6567e059eb008465fdbadc82f3c6",
    "https://dev.jspm.io/npm:react@16!cjs": "3d25711f9d843ed668d7566a171565c1567331acb60f6d555615f4fdbb42206e",
    "https://dev.jspm.io/npm:react@16.13.1!cjs": "8d45b99327f385603eabc0e73cc12a0f54fda63c65a2404d3d1aa311a21f8a9f",
    "https://dev.jspm.io/npm:react@16.13.1/cjs/react.development!cjs": "20f62e3bf6d0346106797fb02b52190f78e228001dd1858aa60343ce9b843f5b",
    "https://dev.jspm.io/npm:react@16.14.0!cjs": "ebb4dbffab9ca87eb9c32036f70b40932747669d9615d77c80293b743cc755c4",
    "https://dev.jspm.io/npm:react@16.14.0/cjs/react.development.js!cjs": "c9a5f57b27559a9cd124a3fcdb8243464078f0cfe070eb92dbaaa49f970b7df2",
    "https://dev.jspm.io/react-dom@16.13.1/server": "0e7739aaa8475102c178693d51abb7527c7fb554b8623b0c37637648f19d1b31",
    "https://dev.jspm.io/react@16.13.1": "022bf8de2378b59240a3c7d37455eba76cc291448d5bee329fc7e9f40e94cf1d",
    "https://esm.sh/@preact/signals@1.1.3?external=preact": "f3894aaaee3daff2b699d104fbc928a0feb4aa537b11ae278bc5168a1a1c9b39",
    "https://esm.sh/@preact/signals@1.3.0": "7513e29a4959048977498e587ace351c12aff6baa46e3ebbe7025b50f3c2d507",
    "https://esm.sh/hono@4.5.3": "3585d382f22e93fa53c1bc5cbdc122dbeafaf7ea7fdf85cd757dd6e63882d531",
    "https://esm.sh/preact-render-to-string@6.5.7": "70bd2d672feb32f9aa780b8ca5672a28b73b73b8a91b19b22525ca2887311aca",
    "https://esm.sh/preact-render-to-string@6.5.7/stream": "65bbe2411009dc247966fc930b4ee6703cfc9297c68881946fde76eeff276423",
    "https://esm.sh/preact-render-to-string@6.5.7?external=preact": "87ed2b1f01bcd717e15f784540275ffcb1facb96fc90b5d8df31270d0f89f412",
    "https://esm.sh/preact@10.12.1": "1760ea6b3b133c4593ef32e6abfe5b00aaf5a5fc7207c5fcd2b423ee5d745b23",
    "https://esm.sh/preact@10.12.1/hooks?external=preact": "a3fce88f12b877e371cdb1657599295aa8fb59a392c843598b6cd7f0b028f31b",
    "https://esm.sh/preact@10.23.1": "5c90e3946c882878ada8f82671a1e2cfc3d307eb1253e83cee74f04194cecf41",
    "https://esm.sh/preact@10.23.1/compat": "e6e124f2c59692ee4dda7d1b9271a6169c57eaa43077495497a44313195fc859",
    "https://esm.sh/preact@10.23.1/hooks?external=preact": "e0339ced246f82a74b08d326d374203db1c2cbbd806065f1c6ee8b615cf6cbaf",
    "https://esm.sh/preact@10.23.1/jsx-runtime": "83b7eab4eaa811a07e49da8d0b93bf9fe0daf4540c1c79ceadd057f916b46224",
    "https://esm.sh/preact@10.23.1/jsx-runtime?dts&external=preact": "83b7eab4eaa811a07e49da8d0b93bf9fe0daf4540c1c79ceadd057f916b46224",
    "https://esm.sh/react-dom@18.3.1/client": "3e23a449c16029111f8fa64809dd83ea5f896a4065f956b6b6d87998854efa1e",
    "https://esm.sh/react-dom@18.3.1/server": "90e374c5323303d5315c780b19e5d6297ec5a569f9cee1df28ee1030dd23af9c",
    "https://esm.sh/react@18.3.1": "52480d4c00855e4f76843caa4f2818eb001671523740cbf064cbd108721c29c8",
    "https://esm.sh/react@18.3.1/jsx-runtime": "f47f11639cc0531ad2f1e0f6334d9ae7a8d906c905d9b79cb2e8cd4331bc5b10",
    "https://esm.sh/stable/preact@10.12.1/denonext/hooks.js": "967adddeacaee670dfa1244f4c95004aec0d803b8bd545f164e926d3ab95d640",
    "https://esm.sh/stable/preact@10.12.1/denonext/preact.mjs": "f71b56ab948f75519ddf7bf23517066501b5f8e59acb0128dff8f1f303237ffc",
    "https://esm.sh/stable/preact@10.22.1/denonext/hooks.js": "5c79b37c4b13be590576ba53bd4093beb6e95c10ee475cddf5af5051a6e040fa",
    "https://esm.sh/stable/preact@10.22.1/denonext/preact.mjs": "516caa8df1109e0b82becdb053e7d956802ee2f3e3fa7f6925291e4d4a527706",
    "https://esm.sh/stable/preact@10.23.0/denonext/preact.mjs": "0f0fbe7d20f470c4a9fc84df8ff0acef5db9563c410b49bf251a4d6917a882a6",
    "https://esm.sh/stable/preact@10.23.1/denonext/compat.js": "49c7e42b0555fab75f189e8317d39a252bbb38b49224badf4a110c6a708954f7",
    "https://esm.sh/stable/preact@10.23.1/denonext/hooks.js": "6962ffaaded3eee1cff070f660b6304007754ef1993d63241d2f3807a10ee21e",
    "https://esm.sh/stable/preact@10.23.1/denonext/jsx-runtime.js": "f1f6e21c9f66d29137d69bf8d51c9b43bbe4fac3fe79993898633117bd3c6f07",
    "https://esm.sh/stable/preact@10.23.1/denonext/preact.mjs": "c30c9bd2ab4b41104f97c0679413cdfe37ec2fa0131a7c5a1a2d3b6f6fae9670",
    "https://esm.sh/stable/react@18.3.1/denonext/jsx-runtime.js": "5ff1e02a3bb5c69dd3535d77054b182f1ea51c5eeaf24a396984f6b7012c2716",
    "https://esm.sh/stable/react@18.3.1/denonext/react.mjs": "fc048ffc55366baf7669519127d186761db72046e2bebf35fe8d0de3964defa3",
    "https://esm.sh/v135/@preact/signals-core@1.7.0/denonext/signals-core.mjs": "fe550d1424b92ff4046542ee6c388e3cab999d672822aac4f0d129c7a6a67cbb",
    "https://esm.sh/v135/@preact/signals@1.1.3/X-ZS9wcmVhY3Q/denonext/signals.mjs": "102c6bbf9362daec7c8db72d8018e44d7590b9570f0c618804d9faca291c54b2",
    "https://esm.sh/v135/@preact/signals@1.3.0/denonext/signals.mjs": "02cfd03fe1cd484df1e1a7682525db4e9c9ee0978a9b9589a42f038556e94419",
    "https://esm.sh/v135/hono@4.5.3/denonext/hono-base.js": "2330e6d58db4f7fa7ad47f43ce08dcc1a9b3d1cf38c32f41c4d965a08592ce09",
    "https://esm.sh/v135/hono@4.5.3/denonext/hono.mjs": "273c216a299621bb821f1693358a7331988e062f82429b622725e279f1db2d13",
    "https://esm.sh/v135/hono@4.5.3/denonext/router.js": "dfe88974646b04669d8f01d1d5c1fb0dcaa5e8a217ece37a93b0b9c3ba4bb1aa",
    "https://esm.sh/v135/hono@4.5.3/denonext/router/reg-exp-router.js": "58f6340c2b2bb500c3612856bb3ba3857df4dba8a065704dc0f85a5c4c2a2632",
    "https://esm.sh/v135/hono@4.5.3/denonext/router/smart-router.js": "e2198068b4f1e30852bd38db20bf06e14e8e0adbda9a4447dcda98438a664356",
    "https://esm.sh/v135/hono@4.5.3/denonext/router/trie-router.js": "99e4198f2a5e72b511aec84aaef22fbd7e32e5c8edcb160f02adade274d2d57e",
    "https://esm.sh/v135/hono@4.5.3/denonext/utils/body.js": "ead4c7e0d5a0cd799e5e78cdbc7bf17b13946afc0c08bb6c49d929e33956ad07",
    "https://esm.sh/v135/hono@4.5.3/denonext/utils/html.js": "f5d1bbb327419b3efae7e7c195e4da7f2073c1cfa29ddce1aa1d247708db6715",
    "https://esm.sh/v135/hono@4.5.3/denonext/utils/url.js": "ac79a557a38bf77c791df1f17cc3566e3f763ff04cbcaec973e430891b29496b",
    "https://esm.sh/v135/preact-render-to-string@6.5.7/X-ZS9wcmVhY3Q/denonext/preact-render-to-string.mjs": "bd6296c7034c510361dcc26ea3d561262f83a171c27a3cf12672f7b3697d9d9d",
    "https://esm.sh/v135/preact-render-to-string@6.5.7/denonext/preact-render-to-string.mjs": "52172521c74bc01b956d8519018dbb7746b3a28464ebc3564f5cd6af318ea4fe",
    "https://esm.sh/v135/preact-render-to-string@6.5.7/denonext/stream.js": "f5a8250e3edfc6b8daaea63e5defb656fd61a520383c01e5a67c29a8f46f1c31",
    "https://esm.sh/v135/react-dom@18.3.1/denonext/client.js": "51910a60c05a5614b9dbec634d8594f74a4300fed2023dbdf1f8ea2a41a82b96",
    "https://esm.sh/v135/react-dom@18.3.1/denonext/react-dom.mjs": "0c4ad76e514ad1c9d8987d49679c5f2a6299b34c1b7fbf10a5da056ae4a0963f",
    "https://esm.sh/v135/react-dom@18.3.1/denonext/server.js": "b4db56f16b45002b5e9b127a9938ab45b12f39825161dffe875920510c524878",
    "https://esm.sh/v135/scheduler@0.23.2/denonext/scheduler.mjs": "dc96e5be52b14a40ce36295d938d5211e520c4da3183fe2ad4283ed103747d82",
    "https://raw.githubusercontent.com/garronej/minimal_polyfills/2.1.0/Array.prototype.find.ts": "59e93f4825b13e1d473c6a0548b45c34ce86a008e01d24b7809c8b022527dc9c",
    "https://raw.githubusercontent.com/garronej/minimal_polyfills/2.1.0/Map.ts": "23e7bae86df110ad8a68097750530f288c5117fe4c4b30e645b449d20fe156a5",
    "https://raw.githubusercontent.com/garronej/minimal_polyfills/2.1.0/Object.is.ts": "e90029a06fb86dd63e5f6b799d87702b7abe2397a220b78f1cfcce35b922f15a",
    "https://raw.githubusercontent.com/garronej/minimal_polyfills/2.1.0/Set.ts": "2298d1990567c657bdc876a5e5552ad46561b036c2f4b52e901810211b36605f",
    "https://raw.githubusercontent.com/garronej/minimal_polyfills/2.1.0/WeakMap.ts": "3b0cb6ab1348897b5e107e932f53213e1459e9759db0c5eea5d01eb9bd3e0ddb",
    "https://raw.githubusercontent.com/garronej/run_exclusive/2.2.4/lib/runExclusive.ts": "6376cf9404bfa900daf26ba2a56ddeb18671b8b111ca62b94fec13ad48c8e0a1",
    "https://raw.githubusercontent.com/garronej/run_exclusive/2.2.4/mod.ts": "1219baae8b08f63804cdb2df9d26936cc7a61194a5d06404cbf38bb4b82e6bec"
  }
}
